
Microsoft Visual Studio Solution File, Format Version 12.00
# Visual Studio Version 16
VisualStudioVersion = 16.0.29001.49
MinimumVisualStudioVersion = 10.0.40219.1
Project("{FAE04EC0-301F-11D3-BF4B-00C04F79EFBC}") = "NetGuard Deobfuscator 2", "NetGuard Deobfuscator 2\NetGuard Deobfuscator 2.csproj", "{6C81EF7F-F092-42DA-B61E-17FEA8B3E01B}"
EndProject
Project("{FAE04EC0-301F-11D3-BF4B-00C04F79EFBC}") = "de4dot.blocks", "de4dot.blocks\de4dot.blocks.csproj", "{045B96F2-AF80-4C4C-8D27-E38635AC705E}"
EndProject
Project("{FAE04EC0-301F-11D3-BF4B-00C04F79EFBC}") = "dnlib", "dnlib\dnlib-master\src\dnlib.csproj", "{FDFC1237-143F-4919-8318-4926901F4639}"
EndProject
Project("{FAE04EC0-301F-11D3-BF4B-00C04F79EFBC}") = "CawkEmulatorV4", "cawk-Emulator\.NET-Instruction-Emulator-master\CawkEmulatorV4\CawkEmulatorV4.csproj", "{377D5E82-8619-4DB9-AEB8-D3B608484644}"
EndProject
Project("{9A19103F-16F7-4668-BE54-9A1E7A4F7556}") = "Unicorn.Net", "unicorn-net\src\Unicorn.Net\Unicorn.Net.csproj", "{47CFB65F-5DEF-4E45-8E75-C760D050FCEF}"
EndProject
Global
	GlobalSection(SolutionConfigurationPlatforms) = preSolution
		Debug|Any CPU = Debug|Any CPU
		Release|Any CPU = Release|Any CPU
	EndGlobalSection
	GlobalSection(ProjectConfigurationPlatforms) = postSolution
		{6C81EF7F-F092-42DA-B61E-17FEA8B3E01B}.Debug|Any CPU.ActiveCfg = Debug|Any CPU
		{6C81EF7F-F092-42DA-B61E-17FEA8B3E01B}.Debug|Any CPU.Build.0 = Debug|Any CPU
		{6C81EF7F-F092-42DA-B61E-17FEA8B3E01B}.Release|Any CPU.ActiveCfg = Release|Any CPU
		{6C81EF7F-F092-42DA-B61E-17FEA8B3E01B}.Release|Any CPU.Build.0 = Release|Any CPU
		{045B96F2-AF80-4C4C-8D27-E38635AC705E}.Debug|Any CPU.ActiveCfg = Debug|Any CPU
		{045B96F2-AF80-4C4C-8D27-E38635AC705E}.Debug|Any CPU.Build.0 = Debug|Any CPU
		{045B96F2-AF80-4C4C-8D27-E38635AC705E}.Release|Any CPU.ActiveCfg = Release|Any CPU
		{045B96F2-AF80-4C4C-8D27-E38635AC705E}.Release|Any CPU.Build.0 = Release|Any CPU
		{FDFC1237-143F-4919-8318-4926901F4639}.Debug|Any CPU.ActiveCfg = Debug|Any CPU
		{FDFC1237-143F-4919-8318-4926901F4639}.Debug|Any CPU.Build.0 = Debug|Any CPU
		{FDFC1237-143F-4919-8318-4926901F4639}.Release|Any CPU.ActiveCfg = Release|Any CPU
		{FDFC1237-143F-4919-8318-4926901F4639}.Release|Any CPU.Build.0 = Release|Any CPU
		{377D5E82-8619-4DB9-AEB8-D3B608484644}.Debug|Any CPU.ActiveCfg = Debug|Any CPU
		{377D5E82-8619-4DB9-AEB8-D3B608484644}.Debug|Any CPU.Build.0 = Debug|Any CPU
		{377D5E82-8619-4DB9-AEB8-D3B608484644}.Release|Any CPU.ActiveCfg = Release|Any CPU
		{377D5E82-8619-4DB9-AEB8-D3B608484644}.Release|Any CPU.Build.0 = Release|Any CPU
		{47CFB65F-5DEF-4E45-8E75-C760D050FCEF}.Debug|Any CPU.ActiveCfg = Debug|Any CPU
		{47CFB65F-5DEF-4E45-8E75-C760D050FCEF}.Debug|Any CPU.Build.0 = Debug|Any CPU
		{47CFB65F-5DEF-4E45-8E75-C760D050FCEF}.Release|Any CPU.ActiveCfg = Release|Any CPU
		{47CFB65F-5DEF-4E45-8E75-C760D050FCEF}.Release|Any CPU.Build.0 = Release|Any CPU
	EndGlobalSection
	GlobalSection(SolutionProperties) = preSolution
		HideSolutionNode = FALSE
	EndGlobalSection
	GlobalSection(ExtensibilityGlobals) = postSolution
		SolutionGuid = {6AAC7E44-6B1F-4ADD-B1AF-BA590CCE2AE4}
	EndGlobalSection
EndGlobal
